
Microsoft Visual Studio Solution File, Format Version 12.00
Project("{FAE04EC0-301F-11D3-BF4B-00C04F79EFBC}") = "GreenMarket", "GreenMarket\GreenMarket.csproj", "{0D7A7B55-CE5C-44C7-869B-5535E4D084C9}"
EndProject
Project("{FAE04EC0-301F-11D3-BF4B-00C04F79EFBC}") = "GreenMarket.DAL", "GreenMarket.DAL\GreenMarket.DAL.csproj", "{799A74B5-44A3-461D-89B9-C8A358AC2F71}"
EndProject
Project("{FAE04EC0-301F-11D3-BF4B-00C04F79EFBC}") = "GreenMarket.BL", "GreenMarket.BL\GreenMarket.BL.csproj", "{A1641EAB-3EF4-4456-B1F6-DFF9BA21DFF3}"
EndProject
Project("{FAE04EC0-301F-11D3-BF4B-00C04F79EFBC}") = "GreenMarket.Common", "GreenMarket.Common\GreenMarket.Common.csproj", "{54B16A0D-8126-46D3-925E-D7F57F21C672}"
EndProject
Global
	GlobalSection(SolutionConfigurationPlatforms) = preSolution
		Debug|Any CPU = Debug|Any CPU
		Release|Any CPU = Release|Any CPU
	EndGlobalSection
	GlobalSection(ProjectConfigurationPlatforms) = postSolution
		{0D7A7B55-CE5C-44C7-869B-5535E4D084C9}.Debug|Any CPU.ActiveCfg = Debug|Any CPU
		{0D7A7B55-CE5C-44C7-869B-5535E4D084C9}.Debug|Any CPU.Build.0 = Debug|Any CPU
		{0D7A7B55-CE5C-44C7-869B-5535E4D084C9}.Release|Any CPU.ActiveCfg = Release|Any CPU
		{0D7A7B55-CE5C-44C7-869B-5535E4D084C9}.Release|Any CPU.Build.0 = Release|Any CPU
		{799A74B5-44A3-461D-89B9-C8A358AC2F71}.Debug|Any CPU.ActiveCfg = Debug|Any CPU
		{799A74B5-44A3-461D-89B9-C8A358AC2F71}.Debug|Any CPU.Build.0 = Debug|Any CPU
		{799A74B5-44A3-461D-89B9-C8A358AC2F71}.Release|Any CPU.ActiveCfg = Release|Any CPU
		{799A74B5-44A3-461D-89B9-C8A358AC2F71}.Release|Any CPU.Build.0 = Release|Any CPU
		{A1641EAB-3EF4-4456-B1F6-DFF9BA21DFF3}.Debug|Any CPU.ActiveCfg = Debug|Any CPU
		{A1641EAB-3EF4-4456-B1F6-DFF9BA21DFF3}.Debug|Any CPU.Build.0 = Debug|Any CPU
		{A1641EAB-3EF4-4456-B1F6-DFF9BA21DFF3}.Release|Any CPU.ActiveCfg = Release|Any CPU
		{A1641EAB-3EF4-4456-B1F6-DFF9BA21DFF3}.Release|Any CPU.Build.0 = Release|Any CPU
		{54B16A0D-8126-46D3-925E-D7F57F21C672}.Debug|Any CPU.ActiveCfg = Debug|Any CPU
		{54B16A0D-8126-46D3-925E-D7F57F21C672}.Debug|Any CPU.Build.0 = Debug|Any CPU
		{54B16A0D-8126-46D3-925E-D7F57F21C672}.Release|Any CPU.ActiveCfg = Release|Any CPU
		{54B16A0D-8126-46D3-925E-D7F57F21C672}.Release|Any CPU.Build.0 = Release|Any CPU
	EndGlobalSection
EndGlobal
